
Microsoft Visual Studio Solution File, Format Version 12.00
Project("{FAE04EC0-301F-11D3-BF4B-00C04F79EFBC}") = "Matrixs_1_4", "Matrixs_1_4\Matrixs_1_4.csproj", "{FFDFB66E-0E1A-4912-BD88-986D2F06A94E}"
EndProject
Project("{FAE04EC0-301F-11D3-BF4B-00C04F79EFBC}") = "Circles_4", "Circles_4\Circles_4.csproj", "{9D403901-E72A-479B-A926-AC2327EF03C6}"
EndProject
Project("{FAE04EC0-301F-11D3-BF4B-00C04F79EFBC}") = "BinaryTree_5", "BinaryTree_5\BinaryTree_5.csproj", "{DEA28BF8-61CC-4C7B-8847-A086002AC7E0}"
EndProject
Project("{FAE04EC0-301F-11D3-BF4B-00C04F79EFBC}") = "EncryptionMessage_6_7", "EncryptionMessage_6_7\EncryptionMessage_6_7.csproj", "{F6940055-C41C-4E5F-B5FF-C00E765F2019}"
EndProject
Global
	GlobalSection(SolutionConfigurationPlatforms) = preSolution
		Debug|Any CPU = Debug|Any CPU
		Release|Any CPU = Release|Any CPU
	EndGlobalSection
	GlobalSection(ProjectConfigurationPlatforms) = postSolution
		{FFDFB66E-0E1A-4912-BD88-986D2F06A94E}.Debug|Any CPU.ActiveCfg = Debug|Any CPU
		{FFDFB66E-0E1A-4912-BD88-986D2F06A94E}.Debug|Any CPU.Build.0 = Debug|Any CPU
		{FFDFB66E-0E1A-4912-BD88-986D2F06A94E}.Release|Any CPU.ActiveCfg = Release|Any CPU
		{FFDFB66E-0E1A-4912-BD88-986D2F06A94E}.Release|Any CPU.Build.0 = Release|Any CPU
		{9D403901-E72A-479B-A926-AC2327EF03C6}.Debug|Any CPU.ActiveCfg = Debug|Any CPU
		{9D403901-E72A-479B-A926-AC2327EF03C6}.Debug|Any CPU.Build.0 = Debug|Any CPU
		{9D403901-E72A-479B-A926-AC2327EF03C6}.Release|Any CPU.ActiveCfg = Release|Any CPU
		{9D403901-E72A-479B-A926-AC2327EF03C6}.Release|Any CPU.Build.0 = Release|Any CPU
		{DEA28BF8-61CC-4C7B-8847-A086002AC7E0}.Debug|Any CPU.ActiveCfg = Debug|Any CPU
		{DEA28BF8-61CC-4C7B-8847-A086002AC7E0}.Debug|Any CPU.Build.0 = Debug|Any CPU
		{DEA28BF8-61CC-4C7B-8847-A086002AC7E0}.Release|Any CPU.ActiveCfg = Release|Any CPU
		{DEA28BF8-61CC-4C7B-8847-A086002AC7E0}.Release|Any CPU.Build.0 = Release|Any CPU
		{F6940055-C41C-4E5F-B5FF-C00E765F2019}.Debug|Any CPU.ActiveCfg = Debug|Any CPU
		{F6940055-C41C-4E5F-B5FF-C00E765F2019}.Debug|Any CPU.Build.0 = Debug|Any CPU
		{F6940055-C41C-4E5F-B5FF-C00E765F2019}.Release|Any CPU.ActiveCfg = Release|Any CPU
		{F6940055-C41C-4E5F-B5FF-C00E765F2019}.Release|Any CPU.Build.0 = Release|Any CPU
	EndGlobalSection
EndGlobal
