
Microsoft Visual Studio Solution File, Format Version 12.00
Project("{FAE04EC0-301F-11D3-BF4B-00C04F79EFBC}") = "Matrixs_1_4", "Matrixs_1_4\Matrixs_1_4.csproj", "{FFDFB66E-0E1A-4912-BD88-986D2F06A94E}"
EndProject
Project("{FAE04EC0-301F-11D3-BF4B-00C04F79EFBC}") = "Circles_4", "Circles_4\Circles_4.csproj", "{9D403901-E72A-479B-A926-AC2327EF03C6}"
EndProject
Project("{FAE04EC0-301F-11D3-BF4B-00C04F79EFBC}") = "BinaryTree_5", "BinaryTree_5\BinaryTree_5.csproj", "{DEA28BF8-61CC-4C7B-8847-A086002AC7E0}"
EndProject
Project("{FAE04EC0-301F-11D3-BF4B-00C04F79EFBC}") = "EncryptionMessage_6_7", "EncryptionMessage_6_7\EncryptionMessage_6_7.csproj", "{F6940055-C41C-4E5F-B5FF-C00E765F2019}"
EndProject
Project("{2150E333-8FDC-42A3-9474-1A3956D46DE8}") = "SolutionFolder_OS_Lab2", "SolutionFolder_OS_Lab2", "{FED91CC0-EAD5-4E33-8AE1-2CA01ABE5211}"
EndProject
Project("{FAE04EC0-301F-11D3-BF4B-00C04F79EFBC}") = "OS_Lab2_1", "OS_Lab2_1\OS_Lab2_1.csproj", "{5F492A49-98E2-45AB-A7E6-28F4B15D7020}"
EndProject
Project("{FAE04EC0-301F-11D3-BF4B-00C04F79EFBC}") = "OS_Lab2_2", "OS_Lab2_2\OS_Lab2_2.csproj", "{FBE447B1-C787-4849-A416-46B32DC01DE1}"
EndProject
Project("{FAE04EC0-301F-11D3-BF4B-00C04F79EFBC}") = "OS_LAB2_3", "OS_LAB2_3\OS_LAB2_3.csproj", "{94BCD486-1E6A-4DA9-B45D-058E42C9D886}"
EndProject
Project("{2150E333-8FDC-42A3-9474-1A3956D46DE8}") = "SolutionFolder_OS_Lab3", "SolutionFolder_OS_Lab3", "{69AE9EAC-8F9C-4A79-8354-3F678C31F34F}"
EndProject
Project("{FAE04EC0-301F-11D3-BF4B-00C04F79EFBC}") = "N1_multipleVectors", "N1_multipleVectors\N1_multipleVectors.csproj", "{ACD14341-BEBA-420F-81F4-FCBE5F1D1663}"
EndProject
Project("{FAE04EC0-301F-11D3-BF4B-00C04F79EFBC}") = "N2_File_Writer", "N2_File_Writer\N2_File_Writer.csproj", "{68D43F02-7E74-4348-AE03-F3150B0C51FC}"
EndProject
Project("{FAE04EC0-301F-11D3-BF4B-00C04F79EFBC}") = "N2_File_Reader", "N2_File_Reader\N2_File_Reader.csproj", "{F046F615-5B3D-4567-801E-C708D15382D9}"
EndProject
Project("{FAE04EC0-301F-11D3-BF4B-00C04F79EFBC}") = "CommonMutexLib", "CommonMutexLib\CommonMutexLib.csproj", "{D487ADDA-2E38-41C9-A5C7-187B89A263A1}"
EndProject
Global
	GlobalSection(SolutionConfigurationPlatforms) = preSolution
		Debug|Any CPU = Debug|Any CPU
		Release|Any CPU = Release|Any CPU
	EndGlobalSection
	GlobalSection(ProjectConfigurationPlatforms) = postSolution
		{FFDFB66E-0E1A-4912-BD88-986D2F06A94E}.Debug|Any CPU.ActiveCfg = Debug|Any CPU
		{FFDFB66E-0E1A-4912-BD88-986D2F06A94E}.Debug|Any CPU.Build.0 = Debug|Any CPU
		{FFDFB66E-0E1A-4912-BD88-986D2F06A94E}.Release|Any CPU.ActiveCfg = Release|Any CPU
		{FFDFB66E-0E1A-4912-BD88-986D2F06A94E}.Release|Any CPU.Build.0 = Release|Any CPU
		{9D403901-E72A-479B-A926-AC2327EF03C6}.Debug|Any CPU.ActiveCfg = Debug|Any CPU
		{9D403901-E72A-479B-A926-AC2327EF03C6}.Debug|Any CPU.Build.0 = Debug|Any CPU
		{9D403901-E72A-479B-A926-AC2327EF03C6}.Release|Any CPU.ActiveCfg = Release|Any CPU
		{9D403901-E72A-479B-A926-AC2327EF03C6}.Release|Any CPU.Build.0 = Release|Any CPU
		{DEA28BF8-61CC-4C7B-8847-A086002AC7E0}.Debug|Any CPU.ActiveCfg = Debug|Any CPU
		{DEA28BF8-61CC-4C7B-8847-A086002AC7E0}.Debug|Any CPU.Build.0 = Debug|Any CPU
		{DEA28BF8-61CC-4C7B-8847-A086002AC7E0}.Release|Any CPU.ActiveCfg = Release|Any CPU
		{DEA28BF8-61CC-4C7B-8847-A086002AC7E0}.Release|Any CPU.Build.0 = Release|Any CPU
		{F6940055-C41C-4E5F-B5FF-C00E765F2019}.Debug|Any CPU.ActiveCfg = Debug|Any CPU
		{F6940055-C41C-4E5F-B5FF-C00E765F2019}.Debug|Any CPU.Build.0 = Debug|Any CPU
		{F6940055-C41C-4E5F-B5FF-C00E765F2019}.Release|Any CPU.ActiveCfg = Release|Any CPU
		{F6940055-C41C-4E5F-B5FF-C00E765F2019}.Release|Any CPU.Build.0 = Release|Any CPU
		{5F492A49-98E2-45AB-A7E6-28F4B15D7020}.Debug|Any CPU.ActiveCfg = Debug|Any CPU
		{5F492A49-98E2-45AB-A7E6-28F4B15D7020}.Debug|Any CPU.Build.0 = Debug|Any CPU
		{5F492A49-98E2-45AB-A7E6-28F4B15D7020}.Release|Any CPU.ActiveCfg = Release|Any CPU
		{5F492A49-98E2-45AB-A7E6-28F4B15D7020}.Release|Any CPU.Build.0 = Release|Any CPU
		{FBE447B1-C787-4849-A416-46B32DC01DE1}.Debug|Any CPU.ActiveCfg = Debug|Any CPU
		{FBE447B1-C787-4849-A416-46B32DC01DE1}.Debug|Any CPU.Build.0 = Debug|Any CPU
		{FBE447B1-C787-4849-A416-46B32DC01DE1}.Release|Any CPU.ActiveCfg = Release|Any CPU
		{FBE447B1-C787-4849-A416-46B32DC01DE1}.Release|Any CPU.Build.0 = Release|Any CPU
		{94BCD486-1E6A-4DA9-B45D-058E42C9D886}.Debug|Any CPU.ActiveCfg = Debug|Any CPU
		{94BCD486-1E6A-4DA9-B45D-058E42C9D886}.Debug|Any CPU.Build.0 = Debug|Any CPU
		{94BCD486-1E6A-4DA9-B45D-058E42C9D886}.Release|Any CPU.ActiveCfg = Release|Any CPU
		{94BCD486-1E6A-4DA9-B45D-058E42C9D886}.Release|Any CPU.Build.0 = Release|Any CPU
		{ACD14341-BEBA-420F-81F4-FCBE5F1D1663}.Debug|Any CPU.ActiveCfg = Debug|Any CPU
		{ACD14341-BEBA-420F-81F4-FCBE5F1D1663}.Debug|Any CPU.Build.0 = Debug|Any CPU
		{ACD14341-BEBA-420F-81F4-FCBE5F1D1663}.Release|Any CPU.ActiveCfg = Release|Any CPU
		{ACD14341-BEBA-420F-81F4-FCBE5F1D1663}.Release|Any CPU.Build.0 = Release|Any CPU
		{68D43F02-7E74-4348-AE03-F3150B0C51FC}.Debug|Any CPU.ActiveCfg = Debug|Any CPU
		{68D43F02-7E74-4348-AE03-F3150B0C51FC}.Debug|Any CPU.Build.0 = Debug|Any CPU
		{68D43F02-7E74-4348-AE03-F3150B0C51FC}.Release|Any CPU.ActiveCfg = Release|Any CPU
		{68D43F02-7E74-4348-AE03-F3150B0C51FC}.Release|Any CPU.Build.0 = Release|Any CPU
		{F046F615-5B3D-4567-801E-C708D15382D9}.Debug|Any CPU.ActiveCfg = Debug|Any CPU
		{F046F615-5B3D-4567-801E-C708D15382D9}.Debug|Any CPU.Build.0 = Debug|Any CPU
		{F046F615-5B3D-4567-801E-C708D15382D9}.Release|Any CPU.ActiveCfg = Release|Any CPU
		{F046F615-5B3D-4567-801E-C708D15382D9}.Release|Any CPU.Build.0 = Release|Any CPU
		{D487ADDA-2E38-41C9-A5C7-187B89A263A1}.Debug|Any CPU.ActiveCfg = Debug|Any CPU
		{D487ADDA-2E38-41C9-A5C7-187B89A263A1}.Debug|Any CPU.Build.0 = Debug|Any CPU
		{D487ADDA-2E38-41C9-A5C7-187B89A263A1}.Release|Any CPU.ActiveCfg = Release|Any CPU
		{D487ADDA-2E38-41C9-A5C7-187B89A263A1}.Release|Any CPU.Build.0 = Release|Any CPU
	EndGlobalSection
	GlobalSection(NestedProjects) = preSolution
		{5F492A49-98E2-45AB-A7E6-28F4B15D7020} = {FED91CC0-EAD5-4E33-8AE1-2CA01ABE5211}
		{FBE447B1-C787-4849-A416-46B32DC01DE1} = {FED91CC0-EAD5-4E33-8AE1-2CA01ABE5211}
		{94BCD486-1E6A-4DA9-B45D-058E42C9D886} = {FED91CC0-EAD5-4E33-8AE1-2CA01ABE5211}
		{ACD14341-BEBA-420F-81F4-FCBE5F1D1663} = {69AE9EAC-8F9C-4A79-8354-3F678C31F34F}
		{68D43F02-7E74-4348-AE03-F3150B0C51FC} = {69AE9EAC-8F9C-4A79-8354-3F678C31F34F}
		{F046F615-5B3D-4567-801E-C708D15382D9} = {69AE9EAC-8F9C-4A79-8354-3F678C31F34F}
		{D487ADDA-2E38-41C9-A5C7-187B89A263A1} = {69AE9EAC-8F9C-4A79-8354-3F678C31F34F}
	EndGlobalSection
EndGlobal
